{
  "name": "nightshift-api-schema-fixture",
  "lockfileVersion": 3,
  "requires": true,
  "packages": {
    "": {
      "name": "nightshift-api-schema-fixture",
      "version": "0.0.0",
      "devDependencies": {
        "@redocly/cli": "^1.25.15"
      }
    },
    "node_modules/@redocly/cli": {
      "version": "1.25.15",
      "dev": true
    }
  }
}
